
Microsoft Visual Studio Solution File, Format Version 12.00
# Visual Studio Version 16
VisualStudioVersion = 16.0.30413.136
MinimumVisualStudioVersion = 10.0.40219.1
Project("{FAE04EC0-301F-11D3-BF4B-00C04F79EFBC}") = "EliteVA", "EliteVA\EliteVA.csproj", "{C2FFCFE7-BB15-4155-9C3C-A2F65A0832AD}"
EndProject
Global
	GlobalSection(SolutionConfigurationPlatforms) = preSolution
		Debug|Any CPU = Debug|Any CPU
		Release|Any CPU = Release|Any CPU
	EndGlobalSection
	GlobalSection(ProjectConfigurationPlatforms) = postSolution
		{C2FFCFE7-BB15-4155-9C3C-A2F65A0832AD}.Debug|Any CPU.ActiveCfg = Debug|Any CPU
		{C2FFCFE7-BB15-4155-9C3C-A2F65A0832AD}.Debug|Any CPU.Build.0 = Debug|Any CPU
		{C2FFCFE7-BB15-4155-9C3C-A2F65A0832AD}.Release|Any CPU.ActiveCfg = Release|Any CPU
		{C2FFCFE7-BB15-4155-9C3C-A2F65A0832AD}.Release|Any CPU.Build.0 = Release|Any CPU
	EndGlobalSection
	GlobalSection(SolutionProperties) = preSolution
		HideSolutionNode = FALSE
	EndGlobalSection
	GlobalSection(ExtensibilityGlobals) = postSolution
		SolutionGuid = {EF187BDC-2FC8-4781-BCC4-B922F4B77BCE}
	EndGlobalSection
EndGlobal
