
Microsoft Visual Studio Solution File, Format Version 12.00
# Visual Studio Version 16
VisualStudioVersion = 16.0.30413.136
MinimumVisualStudioVersion = 10.0.40219.1
Project("{9A19103F-16F7-4668-BE54-9A1E7A4F7556}") = "EliteVA.Profile-Generator", "EliteVA.Profile-Generator\EliteVA.Profile-Generator.csproj", "{1FFAC483-4C9F-47DE-A353-9C33983FFAF8}"
EndProject
Project("{FAE04EC0-301F-11D3-BF4B-00C04F79EFBC}") = "EliteVA", "EliteVA\EliteVA.csproj", "{0D94F451-29A2-406C-B467-01328E0A1016}"
EndProject
Global
	GlobalSection(SolutionConfigurationPlatforms) = preSolution
		Debug|Any CPU = Debug|Any CPU
		Release|Any CPU = Release|Any CPU
	EndGlobalSection
	GlobalSection(ProjectConfigurationPlatforms) = postSolution
		{1FFAC483-4C9F-47DE-A353-9C33983FFAF8}.Debug|Any CPU.ActiveCfg = Debug|Any CPU
		{1FFAC483-4C9F-47DE-A353-9C33983FFAF8}.Debug|Any CPU.Build.0 = Debug|Any CPU
		{1FFAC483-4C9F-47DE-A353-9C33983FFAF8}.Release|Any CPU.ActiveCfg = Release|Any CPU
		{1FFAC483-4C9F-47DE-A353-9C33983FFAF8}.Release|Any CPU.Build.0 = Release|Any CPU
		{0D94F451-29A2-406C-B467-01328E0A1016}.Debug|Any CPU.ActiveCfg = Debug|Any CPU
		{0D94F451-29A2-406C-B467-01328E0A1016}.Debug|Any CPU.Build.0 = Debug|Any CPU
		{0D94F451-29A2-406C-B467-01328E0A1016}.Release|Any CPU.ActiveCfg = Release|Any CPU
		{0D94F451-29A2-406C-B467-01328E0A1016}.Release|Any CPU.Build.0 = Release|Any CPU
	EndGlobalSection
	GlobalSection(SolutionProperties) = preSolution
		HideSolutionNode = FALSE
	EndGlobalSection
	GlobalSection(ExtensibilityGlobals) = postSolution
		SolutionGuid = {EF187BDC-2FC8-4781-BCC4-B922F4B77BCE}
	EndGlobalSection
EndGlobal
